
Microsoft Visual Studio Solution File, Format Version 12.00
# Visual Studio Version 17
VisualStudioVersion = 17.11.35222.181
MinimumVisualStudioVersion = 10.0.40219.1
Project("{8BC9CEB8-8B4A-11D0-8D11-00A0C91BC942}") = "ahchu", "ahchu.vcxproj", "{548D9ECB-0CFC-4D42-95FB-B7E11BADC771}"
EndProject
Global
	GlobalSection(SolutionConfigurationPlatforms) = preSolution
		Debug|x64 = Debug|x64
		Debug|x86 = Debug|x86
		Release|x64 = Release|x64
		Release|x86 = Release|x86
	EndGlobalSection
	GlobalSection(ProjectConfigurationPlatforms) = postSolution
		{548D9ECB-0CFC-4D42-95FB-B7E11BADC771}.Debug|x64.ActiveCfg = Debug|x64
		{548D9ECB-0CFC-4D42-95FB-B7E11BADC771}.Debug|x64.Build.0 = Debug|x64
		{548D9ECB-0CFC-4D42-95FB-B7E11BADC771}.Debug|x86.ActiveCfg = Debug|Win32
		{548D9ECB-0CFC-4D42-95FB-B7E11BADC771}.Debug|x86.Build.0 = Debug|Win32
		{548D9ECB-0CFC-4D42-95FB-B7E11BADC771}.Release|x64.ActiveCfg = Release|x64
		{548D9ECB-0CFC-4D42-95FB-B7E11BADC771}.Release|x64.Build.0 = Release|x64
		{548D9ECB-0CFC-4D42-95FB-B7E11BADC771}.Release|x86.ActiveCfg = Release|Win32
		{548D9ECB-0CFC-4D42-95FB-B7E11BADC771}.Release|x86.Build.0 = Release|Win32
	EndGlobalSection
	GlobalSection(SolutionProperties) = preSolution
		HideSolutionNode = FALSE
	EndGlobalSection
	GlobalSection(ExtensibilityGlobals) = postSolution
		SolutionGuid = {C0453AA6-F008-43CC-9943-FDC3EE6DA847}
	EndGlobalSection
EndGlobal
